
Microsoft Visual Studio Solution File, Format Version 12.00
# Visual Studio Version 16
VisualStudioVersion = 16.0.30804.86
MinimumVisualStudioVersion = 10.0.40219.1
Project("{9A19103F-16F7-4668-BE54-9A1E7A4F7556}") = "EloCalculator", "EloCalculator\EloCalculator.csproj", "{296A82B1-9AE3-4A4B-8B05-236D652461B2}"
EndProject
Project("{FAE04EC0-301F-11D3-BF4B-00C04F79EFBC}") = "EloCalculator.CLI", "EloCalculator.CLI\EloCalculator.CLI.csproj", "{9C8E85AE-0089-497E-8C02-AA13F84EBC0F}"
EndProject
Global
	GlobalSection(SolutionConfigurationPlatforms) = preSolution
		Debug|Any CPU = Debug|Any CPU
		Release|Any CPU = Release|Any CPU
	EndGlobalSection
	GlobalSection(ProjectConfigurationPlatforms) = postSolution
		{296A82B1-9AE3-4A4B-8B05-236D652461B2}.Debug|Any CPU.ActiveCfg = Debug|Any CPU
		{296A82B1-9AE3-4A4B-8B05-236D652461B2}.Debug|Any CPU.Build.0 = Debug|Any CPU
		{296A82B1-9AE3-4A4B-8B05-236D652461B2}.Release|Any CPU.ActiveCfg = Release|Any CPU
		{296A82B1-9AE3-4A4B-8B05-236D652461B2}.Release|Any CPU.Build.0 = Release|Any CPU
		{9C8E85AE-0089-497E-8C02-AA13F84EBC0F}.Debug|Any CPU.ActiveCfg = Debug|Any CPU
		{9C8E85AE-0089-497E-8C02-AA13F84EBC0F}.Debug|Any CPU.Build.0 = Debug|Any CPU
		{9C8E85AE-0089-497E-8C02-AA13F84EBC0F}.Release|Any CPU.ActiveCfg = Release|Any CPU
		{9C8E85AE-0089-497E-8C02-AA13F84EBC0F}.Release|Any CPU.Build.0 = Release|Any CPU
	EndGlobalSection
	GlobalSection(SolutionProperties) = preSolution
		HideSolutionNode = FALSE
	EndGlobalSection
	GlobalSection(ExtensibilityGlobals) = postSolution
		SolutionGuid = {2A54D6AC-D6C2-45E3-BA23-18897DA68044}
	EndGlobalSection
EndGlobal
